// !$*UTF8*$!
{
	archiveVersion = 1;
	classes = {
	};
	objectVersion = 55;
	objects = {

/* Begin PBXBuildFile section */
		E682DBF72806952900DD9C4B /* 9012괄호.cpp in Sources */ = {isa = PBXBuildFile; fileRef = E682DBF62806952900DD9C4B /* 9012괄호.cpp */; };
/* End PBXBuildFile section */

/* Begin PBXCopyFilesBuildPhase section */
		E6A4B97D27D63DAF00809390 /* CopyFiles */ = {
			isa = PBXCopyFilesBuildPhase;
			buildActionMask = 2147483647;
			dstPath = /usr/share/man/man1/;
			dstSubfolderSpec = 0;
			files = (
			);
			runOnlyForDeploymentPostprocessing = 1;
		};
/* End PBXCopyFilesBuildPhase section */

/* Begin PBXFileReference section */
		E60E5E7D27F004A000B03C6D /* 1436숌.cpp */ = {isa = PBXFileReference; lastKnownFileType = sourcecode.cpp.cpp; path = "1436숌.cpp"; sourceTree = "<group>"; };
		E60E5E7F27F03A1400B03C6D /* 18870좌표압축.cpp */ = {isa = PBXFileReference; lastKnownFileType = sourcecode.cpp.cpp; path = "18870좌표압축.cpp"; sourceTree = "<group>"; };
		E60E5E8127F1ECAF00B03C6D /* 9184함수실행.cpp */ = {isa = PBXFileReference; lastKnownFileType = sourcecode.cpp.cpp; path = "9184함수실행.cpp"; sourceTree = "<group>"; };
		E611C7BB27E9C6F70028D5B6 /* 1193분수찾기.cpp */ = {isa = PBXFileReference; lastKnownFileType = sourcecode.cpp.cpp; path = "1193분수찾기.cpp"; sourceTree = "<group>"; };
		E64CC7F627EAFAB600D226DE /* 11653소인수분해.cpp */ = {isa = PBXFileReference; lastKnownFileType = sourcecode.cpp.cpp; path = "11653소인수분해.cpp"; sourceTree = "<group>"; };
		E64CC7F827EB127E00D226DE /* 1929소수구하기.cpp */ = {isa = PBXFileReference; lastKnownFileType = sourcecode.cpp.cpp; path = "1929소수구하기.cpp"; sourceTree = "<group>"; };
		E64CC7FA27EB15E200D226DE /* 2798블랙잭.cpp */ = {isa = PBXFileReference; lastKnownFileType = sourcecode.cpp.cpp; path = "2798블랙잭.cpp"; sourceTree = "<group>"; };
		E64CC7FC27EB2EEE00D226DE /* 2231분해합.cpp */ = {isa = PBXFileReference; lastKnownFileType = sourcecode.cpp.cpp; path = "2231분해합.cpp"; sourceTree = "<group>"; };
		E64CC7FE27EB340C00D226DE /* 7568덩치.cpp */ = {isa = PBXFileReference; lastKnownFileType = sourcecode.cpp.cpp; path = "7568덩치.cpp"; sourceTree = "<group>"; };
		E64CC80027EEB92A00D226DE /* 1018체스판다시칠하기.cpp */ = {isa = PBXFileReference; lastKnownFileType = sourcecode.cpp.cpp; path = "1018체스판다시칠하기.cpp"; sourceTree = "<group>"; };
		E682DBD627F2E5E500DD9C4B /* 13305주유소.cpp */ = {isa = PBXFileReference; lastKnownFileType = sourcecode.cpp.cpp; path = "13305주유소.cpp"; sourceTree = "<group>"; };
		E682DBD827F3F6C800DD9C4B /* 5086배수와약수.cpp */ = {isa = PBXFileReference; lastKnownFileType = sourcecode.cpp.cpp; path = "5086배수와약수.cpp"; sourceTree = "<group>"; };
		E682DBDA27F3F82B00DD9C4B /* 1037약수.cpp */ = {isa = PBXFileReference; lastKnownFileType = sourcecode.cpp.cpp; path = "1037약수.cpp"; sourceTree = "<group>"; };
		E682DBDC27F3FAFD00DD9C4B /* 2609최소공배수와최대공약수.cpp */ = {isa = PBXFileReference; lastKnownFileType = sourcecode.cpp.cpp; path = "2609최소공배수와최대공약수.cpp"; sourceTree = "<group>"; };
		E682DBDE27F3FBC400DD9C4B /* 1934최소공배수.cpp */ = {isa = PBXFileReference; lastKnownFileType = sourcecode.cpp.cpp; path = "1934최소공배수.cpp"; sourceTree = "<group>"; };
		E682DBE027F3FCBE00DD9C4B /* 3036링.cpp */ = {isa = PBXFileReference; lastKnownFileType = sourcecode.cpp.cpp; path = "3036링.cpp"; sourceTree = "<group>"; };
		E682DBE227F42E9400DD9C4B /* 2981검문.cpp */ = {isa = PBXFileReference; lastKnownFileType = sourcecode.cpp.cpp; path = "2981검문.cpp"; sourceTree = "<group>"; };
		E682DBE427FFD0CA00DD9C4B /* 11050이항계수1.cpp */ = {isa = PBXFileReference; lastKnownFileType = sourcecode.cpp.cpp; path = "11050이항계수1.cpp"; sourceTree = "<group>"; };
		E682DBE627FFD3EA00DD9C4B /* 11051이항계수2.cpp */ = {isa = PBXFileReference; lastKnownFileType = sourcecode.cpp.cpp; path = "11051이항계수2.cpp"; sourceTree = "<group>"; };
		E682DBE82803D4E600DD9C4B /* 1010다리놓기.cpp */ = {isa = PBXFileReference; lastKnownFileType = sourcecode.cpp.cpp; path = "1010다리놓기.cpp"; sourceTree = "<group>"; };
		E682DBEA2804075500DD9C4B /* 9375패션왕신혜빈.cpp */ = {isa = PBXFileReference; lastKnownFileType = sourcecode.cpp.cpp; path = "9375패션왕신혜빈.cpp"; sourceTree = "<group>"; };
		E682DBEC2804262400DD9C4B /* 1676팩토리얼0의개수.cpp */ = {isa = PBXFileReference; lastKnownFileType = sourcecode.cpp.cpp; path = "1676팩토리얼0의개수.cpp"; sourceTree = "<group>"; };
		E682DBEE28042BBD00DD9C4B /* 2004조합0의개수.cpp */ = {isa = PBXFileReference; lastKnownFileType = sourcecode.cpp.cpp; path = "2004조합0의개수.cpp"; sourceTree = "<group>"; };
		E682DBF22806720100DD9C4B /* 10828스택.cpp */ = {isa = PBXFileReference; lastKnownFileType = sourcecode.cpp.cpp; path = "10828스택.cpp"; sourceTree = "<group>"; };
		E682DBF42806921900DD9C4B /* 10773제로.cpp */ = {isa = PBXFileReference; lastKnownFileType = sourcecode.cpp.cpp; path = "10773제로.cpp"; sourceTree = "<group>"; };
		E682DBF62806952900DD9C4B /* 9012괄호.cpp */ = {isa = PBXFileReference; lastKnownFileType = sourcecode.cpp.cpp; path = "9012괄호.cpp"; sourceTree = "<group>"; };
		E6A4B97F27D63DAF00809390 /* cppAlgorithm */ = {isa = PBXFileReference; explicitFileType = "compiled.mach-o.executable"; includeInIndex = 0; path = cppAlgorithm; sourceTree = BUILT_PRODUCTS_DIR; };
		E6A4B98227D63DAF00809390 /* 10926?!!.cpp */ = {isa = PBXFileReference; lastKnownFileType = sourcecode.cpp.cpp; path = "10926?!!.cpp"; sourceTree = "<group>"; };
		E6A80FDD27E9EE45004435E6 /* 2869달팽이.cpp */ = {isa = PBXFileReference; lastKnownFileType = sourcecode.cpp.cpp; path = "2869달팽이.cpp"; sourceTree = "<group>"; };
		E6A80FDF27EA17B3004435E6 /* 10757큰수A+B.cpp */ = {isa = PBXFileReference; lastKnownFileType = sourcecode.cpp.cpp; path = "10757큰수A+B.cpp"; sourceTree = "<group>"; };
		E6B1D25327E8DF7E00696D51 /* 18108태국나이.cpp */ = {isa = PBXFileReference; lastKnownFileType = sourcecode.cpp.cpp; path = "18108태국나이.cpp"; sourceTree = "<group>"; };
		E6B1D25527E9695600696D51 /* 2525오븐시계.cpp */ = {isa = PBXFileReference; lastKnownFileType = sourcecode.cpp.cpp; path = "2525오븐시계.cpp"; sourceTree = "<group>"; };
		E6B1D25727E96CBB00696D51 /* 2480주사위세개.cpp */ = {isa = PBXFileReference; lastKnownFileType = sourcecode.cpp.cpp; path = "2480주사위세개.cpp"; sourceTree = "<group>"; };
/* End PBXFileReference section */

/* Begin PBXFrameworksBuildPhase section */
		E6A4B97C27D63DAF00809390 /* Frameworks */ = {
			isa = PBXFrameworksBuildPhase;
			buildActionMask = 2147483647;
			files = (
			);
			runOnlyForDeploymentPostprocessing = 0;
		};
/* End PBXFrameworksBuildPhase section */

/* Begin PBXGroup section */
		E6A4B97627D63DAF00809390 = {
			isa = PBXGroup;
			children = (
				E6A4B98127D63DAF00809390 /* cppAlgorithm */,
				E6A4B98027D63DAF00809390 /* Products */,
			);
			sourceTree = "<group>";
		};
		E6A4B98027D63DAF00809390 /* Products */ = {
			isa = PBXGroup;
			children = (
				E6A4B97F27D63DAF00809390 /* cppAlgorithm */,
			);
			name = Products;
			sourceTree = "<group>";
		};
		E6A4B98127D63DAF00809390 /* cppAlgorithm */ = {
			isa = PBXGroup;
			children = (
				E6A4B98227D63DAF00809390 /* 10926?!!.cpp */,
				E6B1D25327E8DF7E00696D51 /* 18108태국나이.cpp */,
				E6B1D25527E9695600696D51 /* 2525오븐시계.cpp */,
				E6B1D25727E96CBB00696D51 /* 2480주사위세개.cpp */,
				E611C7BB27E9C6F70028D5B6 /* 1193분수찾기.cpp */,
				E6A80FDD27E9EE45004435E6 /* 2869달팽이.cpp */,
				E6A80FDF27EA17B3004435E6 /* 10757큰수A+B.cpp */,
				E64CC7F627EAFAB600D226DE /* 11653소인수분해.cpp */,
				E64CC7F827EB127E00D226DE /* 1929소수구하기.cpp */,
				E64CC7FA27EB15E200D226DE /* 2798블랙잭.cpp */,
				E64CC7FC27EB2EEE00D226DE /* 2231분해합.cpp */,
				E64CC7FE27EB340C00D226DE /* 7568덩치.cpp */,
				E64CC80027EEB92A00D226DE /* 1018체스판다시칠하기.cpp */,
				E60E5E7D27F004A000B03C6D /* 1436숌.cpp */,
				E60E5E7F27F03A1400B03C6D /* 18870좌표압축.cpp */,
				E60E5E8127F1ECAF00B03C6D /* 9184함수실행.cpp */,
				E682DBD627F2E5E500DD9C4B /* 13305주유소.cpp */,
				E682DBD827F3F6C800DD9C4B /* 5086배수와약수.cpp */,
				E682DBDA27F3F82B00DD9C4B /* 1037약수.cpp */,
				E682DBDC27F3FAFD00DD9C4B /* 2609최소공배수와최대공약수.cpp */,
				E682DBDE27F3FBC400DD9C4B /* 1934최소공배수.cpp */,
				E682DBE027F3FCBE00DD9C4B /* 3036링.cpp */,
				E682DBE227F42E9400DD9C4B /* 2981검문.cpp */,
				E682DBE427FFD0CA00DD9C4B /* 11050이항계수1.cpp */,
				E682DBE627FFD3EA00DD9C4B /* 11051이항계수2.cpp */,
				E682DBE82803D4E600DD9C4B /* 1010다리놓기.cpp */,
				E682DBEA2804075500DD9C4B /* 9375패션왕신혜빈.cpp */,
				E682DBEC2804262400DD9C4B /* 1676팩토리얼0의개수.cpp */,
				E682DBEE28042BBD00DD9C4B /* 2004조합0의개수.cpp */,
				E682DBF22806720100DD9C4B /* 10828스택.cpp */,
				E682DBF42806921900DD9C4B /* 10773제로.cpp */,
				E682DBF62806952900DD9C4B /* 9012괄호.cpp */,
			);
			path = cppAlgorithm;
			sourceTree = "<group>";
		};
/* End PBXGroup section */

/* Begin PBXNativeTarget section */
		E6A4B97E27D63DAF00809390 /* cppAlgorithm */ = {
			isa = PBXNativeTarget;
			buildConfigurationList = E6A4B98627D63DAF00809390 /* Build configuration list for PBXNativeTarget "cppAlgorithm" */;
			buildPhases = (
				E6A4B97B27D63DAF00809390 /* Sources */,
				E6A4B97C27D63DAF00809390 /* Frameworks */,
				E6A4B97D27D63DAF00809390 /* CopyFiles */,
			);
			buildRules = (
			);
			dependencies = (
			);
			name = cppAlgorithm;
			productName = cppAlgorithm;
			productReference = E6A4B97F27D63DAF00809390 /* cppAlgorithm */;
			productType = "com.apple.product-type.tool";
		};
/* End PBXNativeTarget section */

/* Begin PBXProject section */
		E6A4B97727D63DAF00809390 /* Project object */ = {
			isa = PBXProject;
			attributes = {
				BuildIndependentTargetsInParallel = 1;
				LastUpgradeCheck = 1330;
				TargetAttributes = {
					E6A4B97E27D63DAF00809390 = {
						CreatedOnToolsVersion = 13.3;
					};
				};
			};
			buildConfigurationList = E6A4B97A27D63DAF00809390 /* Build configuration list for PBXProject "cppAlgorithm" */;
			compatibilityVersion = "Xcode 13.0";
			developmentRegion = en;
			hasScannedForEncodings = 0;
			knownRegions = (
				en,
				Base,
			);
			mainGroup = E6A4B97627D63DAF00809390;
			productRefGroup = E6A4B98027D63DAF00809390 /* Products */;
			projectDirPath = "";
			projectRoot = "";
			targets = (
				E6A4B97E27D63DAF00809390 /* cppAlgorithm */,
			);
		};
/* End PBXProject section */

/* Begin PBXSourcesBuildPhase section */
		E6A4B97B27D63DAF00809390 /* Sources */ = {
			isa = PBXSourcesBuildPhase;
			buildActionMask = 2147483647;
			files = (
				E682DBF72806952900DD9C4B /* 9012괄호.cpp in Sources */,
			);
			runOnlyForDeploymentPostprocessing = 0;
		};
/* End PBXSourcesBuildPhase section */

/* Begin XCBuildConfiguration section */
		E6A4B98427D63DAF00809390 /* Debug */ = {
			isa = XCBuildConfiguration;
			buildSettings = {
				ALWAYS_SEARCH_USER_PATHS = NO;
				CLANG_ANALYZER_NONNULL = YES;
				CLANG_ANALYZER_NUMBER_OBJECT_CONVERSION = YES_AGGRESSIVE;
				CLANG_CXX_LANGUAGE_STANDARD = "gnu++17";
				CLANG_ENABLE_MODULES = YES;
				CLANG_ENABLE_OBJC_ARC = YES;
				CLANG_ENABLE_OBJC_WEAK = YES;
				CLANG_WARN_BLOCK_CAPTURE_AUTORELEASING = YES;
				CLANG_WARN_BOOL_CONVERSION = YES;
				CLANG_WARN_COMMA = YES;
				CLANG_WARN_CONSTANT_CONVERSION = YES;
				CLANG_WARN_DEPRECATED_OBJC_IMPLEMENTATIONS = YES;
				CLANG_WARN_DIRECT_OBJC_ISA_USAGE = YES_ERROR;
				CLANG_WARN_DOCUMENTATION_COMMENTS = YES;
				CLANG_WARN_EMPTY_BODY = YES;
				CLANG_WARN_ENUM_CONVERSION = YES;
				CLANG_WARN_INFINITE_RECURSION = YES;
				CLANG_WARN_INT_CONVERSION = YES;
				CLANG_WARN_NON_LITERAL_NULL_CONVERSION = YES;
				CLANG_WARN_OBJC_IMPLICIT_RETAIN_SELF = YES;
				CLANG_WARN_OBJC_LITERAL_CONVERSION = YES;
				CLANG_WARN_OBJC_ROOT_CLASS = YES_ERROR;
				CLANG_WARN_QUOTED_INCLUDE_IN_FRAMEWORK_HEADER = YES;
				CLANG_WARN_RANGE_LOOP_ANALYSIS = YES;
				CLANG_WARN_STRICT_PROTOTYPES = YES;
				CLANG_WARN_SUSPICIOUS_MOVE = YES;
				CLANG_WARN_UNGUARDED_AVAILABILITY = YES_AGGRESSIVE;
				CLANG_WARN_UNREACHABLE_CODE = YES;
				CLANG_WARN__DUPLICATE_METHOD_MATCH = YES;
				COPY_PHASE_STRIP = NO;
				DEBUG_INFORMATION_FORMAT = dwarf;
				ENABLE_STRICT_OBJC_MSGSEND = YES;
				ENABLE_TESTABILITY = YES;
				GCC_C_LANGUAGE_STANDARD = gnu11;
				GCC_DYNAMIC_NO_PIC = NO;
				GCC_NO_COMMON_BLOCKS = YES;
				GCC_OPTIMIZATION_LEVEL = 0;
				GCC_PREPROCESSOR_DEFINITIONS = (
					"DEBUG=1",
					"$(inherited)",
				);
				GCC_WARN_64_TO_32_BIT_CONVERSION = YES;
				GCC_WARN_ABOUT_RETURN_TYPE = YES_ERROR;
				GCC_WARN_UNDECLARED_SELECTOR = YES;
				GCC_WARN_UNINITIALIZED_AUTOS = YES_AGGRESSIVE;
				GCC_WARN_UNUSED_FUNCTION = YES;
				GCC_WARN_UNUSED_VARIABLE = YES;
				MACOSX_DEPLOYMENT_TARGET = 12.2;
				MTL_ENABLE_DEBUG_INFO = INCLUDE_SOURCE;
				MTL_FAST_MATH = YES;
				ONLY_ACTIVE_ARCH = YES;
				SDKROOT = macosx;
			};
			name = Debug;
		};
		E6A4B98527D63DAF00809390 /* Release */ = {
			isa = XCBuildConfiguration;
			buildSettings = {
				ALWAYS_SEARCH_USER_PATHS = NO;
				CLANG_ANALYZER_NONNULL = YES;
				CLANG_ANALYZER_NUMBER_OBJECT_CONVERSION = YES_AGGRESSIVE;
				CLANG_CXX_LANGUAGE_STANDARD = "gnu++17";
				CLANG_ENABLE_MODULES = YES;
				CLANG_ENABLE_OBJC_ARC = YES;
				CLANG_ENABLE_OBJC_WEAK = YES;
				CLANG_WARN_BLOCK_CAPTURE_AUTORELEASING = YES;
				CLANG_WARN_BOOL_CONVERSION = YES;
				CLANG_WARN_COMMA = YES;
				CLANG_WARN_CONSTANT_CONVERSION = YES;
				CLANG_WARN_DEPRECATED_OBJC_IMPLEMENTATIONS = YES;
				CLANG_WARN_DIRECT_OBJC_ISA_USAGE = YES_ERROR;
				CLANG_WARN_DOCUMENTATION_COMMENTS = YES;
				CLANG_WARN_EMPTY_BODY = YES;
				CLANG_WARN_ENUM_CONVERSION = YES;
				CLANG_WARN_INFINITE_RECURSION = YES;
				CLANG_WARN_INT_CONVERSION = YES;
				CLANG_WARN_NON_LITERAL_NULL_CONVERSION = YES;
				CLANG_WARN_OBJC_IMPLICIT_RETAIN_SELF = YES;
				CLANG_WARN_OBJC_LITERAL_CONVERSION = YES;
				CLANG_WARN_OBJC_ROOT_CLASS = YES_ERROR;
				CLANG_WARN_QUOTED_INCLUDE_IN_FRAMEWORK_HEADER = YES;
				CLANG_WARN_RANGE_LOOP_ANALYSIS = YES;
				CLANG_WARN_STRICT_PROTOTYPES = YES;
				CLANG_WARN_SUSPICIOUS_MOVE = YES;
				CLANG_WARN_UNGUARDED_AVAILABILITY = YES_AGGRESSIVE;
				CLANG_WARN_UNREACHABLE_CODE = YES;
				CLANG_WARN__DUPLICATE_METHOD_MATCH = YES;
				COPY_PHASE_STRIP = NO;
				DEBUG_INFORMATION_FORMAT = "dwarf-with-dsym";
				ENABLE_NS_ASSERTIONS = NO;
				ENABLE_STRICT_OBJC_MSGSEND = YES;
				GCC_C_LANGUAGE_STANDARD = gnu11;
				GCC_NO_COMMON_BLOCKS = YES;
				GCC_WARN_64_TO_32_BIT_CONVERSION = YES;
				GCC_WARN_ABOUT_RETURN_TYPE = YES_ERROR;
				GCC_WARN_UNDECLARED_SELECTOR = YES;
				GCC_WARN_UNINITIALIZED_AUTOS = YES_AGGRESSIVE;
				GCC_WARN_UNUSED_FUNCTION = YES;
				GCC_WARN_UNUSED_VARIABLE = YES;
				MACOSX_DEPLOYMENT_TARGET = 12.2;
				MTL_ENABLE_DEBUG_INFO = NO;
				MTL_FAST_MATH = YES;
				SDKROOT = macosx;
			};
			name = Release;
		};
		E6A4B98727D63DAF00809390 /* Debug */ = {
			isa = XCBuildConfiguration;
			buildSettings = {
				CODE_SIGN_STYLE = Automatic;
				PRODUCT_NAME = "$(TARGET_NAME)";
			};
			name = Debug;
		};
		E6A4B98827D63DAF00809390 /* Release */ = {
			isa = XCBuildConfiguration;
			buildSettings = {
				CODE_SIGN_STYLE = Automatic;
				PRODUCT_NAME = "$(TARGET_NAME)";
			};
			name = Release;
		};
/* End XCBuildConfiguration section */

/* Begin XCConfigurationList section */
		E6A4B97A27D63DAF00809390 /* Build configuration list for PBXProject "cppAlgorithm" */ = {
			isa = XCConfigurationList;
			buildConfigurations = (
				E6A4B98427D63DAF00809390 /* Debug */,
				E6A4B98527D63DAF00809390 /* Release */,
			);
			defaultConfigurationIsVisible = 0;
			defaultConfigurationName = Release;
		};
		E6A4B98627D63DAF00809390 /* Build configuration list for PBXNativeTarget "cppAlgorithm" */ = {
			isa = XCConfigurationList;
			buildConfigurations = (
				E6A4B98727D63DAF00809390 /* Debug */,
				E6A4B98827D63DAF00809390 /* Release */,
			);
			defaultConfigurationIsVisible = 0;
			defaultConfigurationName = Release;
		};
/* End XCConfigurationList section */
	};
	rootObject = E6A4B97727D63DAF00809390 /* Project object */;
}
